<?xml version="1.0" encoding="utf-8"?>
<Project ToolsVersion="4.0" xmlns="http://schemas.microsoft.com/developer/msbuild/2003">
  <ItemGroup>
    <Filter Include="Quelldateien">
      <UniqueIdentifier>{4FC737F1-C7A5-4376-A066-2A32D752A2FF}</UniqueIdentifier>
      <Extensions>cpp;c;cc;cxx;c++;cppm;ixx;def;odl;idl;hpj;bat;asm;asmx</Extensions>
    </Filter>
    <Filter Include="Headerdateien">
      <UniqueIdentifier>{93995380-89BD-4b04-88EB-625FBE52EBFB}</UniqueIdentifier>
      <Extensions>h;hh;hpp;hxx;h++;hm;inl;inc;ipp;xsd</Extensions>
    </Filter>
    <Filter Include="Ressourcendateien">
      <UniqueIdentifier>{67DA6AB6-F800-4c08-8B7A-83BB121AAD01}</UniqueIdentifier>
      <Extensions>rc;ico;cur;bmp;dlg;rc2;rct;bin;rgs;gif;jpg;jpeg;jpe;resx;tiff;tif;png;wav;mfcribbon-ms</Extensions>
    </Filter>
    <Filter Include="Headerdateien\Simulation">
      <UniqueIdentifier>{1811640f-bcf7-4212-b320-91b76301248c}</UniqueIdentifier>
    </Filter>
    <Filter Include="Quelldateien\Simulation">
      <UniqueIdentifier>{792e3666-6dc9-4b34-a948-8a010e86effc}</UniqueIdentifier>
    </Filter>
  </ItemGroup>
  <ItemGroup>
    <ClCompile Include="Race.cpp">
      <Filter>Quelldateien</Filter>
    </ClCompile>
    <ClCompile Include="Simulation\SimulationEnvironment.cpp">
      <Filter>Quelldateien\Simulation</Filter>
    </ClCompile>
    <ClCompile Include="Simulation\Vehicle.cpp">
      <Filter>Quelldateien\Simulation</Filter>
    </ClCompile>
    <ClCompile Include="Simulation\DrivingSimulator.cpp">
      <Filter>Quelldateien\Simulation</Filter>
    </ClCompile>
    <ClCompile Include="Simulation\MovingObject.cpp">
      <Filter>Quelldateien\Simulation</Filter>
    </ClCompile>
    <ClCompile Include="Simulation\Position.cpp">
      <Filter>Quelldateien\Simulation</Filter>
    </ClCompile>
    <ClCompile Include="NASA_ElevationCalculator.cpp">
      <Filter>Quelldateien</Filter>
    </ClCompile>
    <ClCompile Include="NASA_ElevationDataDownloader.cpp">
      <Filter>Quelldateien</Filter>
    </ClCompile>
    <ClCompile Include="NASA_GeoCoordConversion.cpp">
      <Filter>Quelldateien</Filter>
    </ClCompile>
    <ClCompile Include="OpenStreetMap.cpp">
      <Filter>Quelldateien</Filter>
    </ClCompile>
    <ClCompile Include="DatAuf.cpp">
      <Filter>Quelldateien</Filter>
    </ClCompile>
    <ClCompile Include="DatAufRadiusGradient.cpp">
      <Filter>Quelldateien</Filter>
    </ClCompile>
    <ClCompile Include="DatAufCatmullRom.cpp">
      <Filter>Quelldateien</Filter>
    </ClCompile>
  </ItemGroup>
  <ItemGroup>
    <ClInclude Include="Race.h">
      <Filter>Headerdateien</Filter>
    </ClInclude>
    <ClInclude Include="Simulation\SimulationEnvironment.h">
      <Filter>Headerdateien\Simulation</Filter>
    </ClInclude>
    <ClInclude Include="Simulation\Vehicle.h">
      <Filter>Headerdateien\Simulation</Filter>
    </ClInclude>
    <ClInclude Include="Simulation\DrivingSimulator.h">
      <Filter>Headerdateien\Simulation</Filter>
    </ClInclude>
    <ClInclude Include="Simulation\MovingObject.h">
      <Filter>Headerdateien\Simulation</Filter>
    </ClInclude>
    <ClInclude Include="Simulation\Position.h">
      <Filter>Headerdateien\Simulation</Filter>
    </ClInclude>
    <ClInclude Include="NASA_ElevationCalculator.h">
      <Filter>Headerdateien</Filter>
    </ClInclude>
    <ClInclude Include="NASA_ElevationDataDownloader.h">
      <Filter>Headerdateien</Filter>
    </ClInclude>
    <ClInclude Include="NASA_GeoCoordConversion.h">
      <Filter>Headerdateien</Filter>
    </ClInclude>
    <ClInclude Include="OpenStreetMap.h">
      <Filter>Headerdateien</Filter>
    </ClInclude>
    <ClInclude Include="DatAuf.h">
      <Filter>Headerdateien</Filter>
    </ClInclude>
  </ItemGroup>
</Project>